// !$*UTF8*$!
{
	archiveVersion = 1;
	classes = {
	};
	objectVersion = 46;
	objects = {

/* Begin PBXBuildFile section */
		D4293D1D1E344C80004D1F21 /* AppDelegate.swift in Sources */ = {isa = PBXBuildFile; fileRef = D4293D1C1E344C80004D1F21 /* AppDelegate.swift */; };
		D4293D221E344C80004D1F21 /* Main.storyboard in Resources */ = {isa = PBXBuildFile; fileRef = D4293D201E344C80004D1F21 /* Main.storyboard */; };
		D4293D241E344C80004D1F21 /* Assets.xcassets in Resources */ = {isa = PBXBuildFile; fileRef = D4293D231E344C80004D1F21 /* Assets.xcassets */; };
		D4293D271E344C80004D1F21 /* LaunchScreen.storyboard in Resources */ = {isa = PBXBuildFile; fileRef = D4293D251E344C80004D1F21 /* LaunchScreen.storyboard */; };
		D4293D321E344C81004D1F21 /* TabBarControllerSampleTests.swift in Sources */ = {isa = PBXBuildFile; fileRef = D4293D311E344C81004D1F21 /* TabBarControllerSampleTests.swift */; };
		D4293D3D1E344C81004D1F21 /* TabBarControllerSampleUITests.swift in Sources */ = {isa = PBXBuildFile; fileRef = D4293D3C1E344C81004D1F21 /* TabBarControllerSampleUITests.swift */; };
		D4293D4F1E34D26E004D1F21 /* CustomTabbarController.swift in Sources */ = {isa = PBXBuildFile; fileRef = D4293D4E1E34D26E004D1F21 /* CustomTabbarController.swift */; };
		D4293D511E34D277004D1F21 /* CustomTabbarItem.swift in Sources */ = {isa = PBXBuildFile; fileRef = D4293D501E34D277004D1F21 /* CustomTabbarItem.swift */; };
		D49955611E34F1E200B9501A /* add_circle.png in Resources */ = {isa = PBXBuildFile; fileRef = D49955601E34F1E200B9501A /* add_circle.png */; };
		D49955631E34F2AB00B9501A /* add_circle_selected.png in Resources */ = {isa = PBXBuildFile; fileRef = D49955621E34F2AB00B9501A /* add_circle_selected.png */; };
		D49955661E34FDDE00B9501A /* list.png in Resources */ = {isa = PBXBuildFile; fileRef = D49955641E34FDDE00B9501A /* list.png */; };
		D49955671E34FDDE00B9501A /* map.png in Resources */ = {isa = PBXBuildFile; fileRef = D49955651E34FDDE00B9501A /* map.png */; };
		D49B5DF61E35B6E400E4546D /* CustomTabBar.swift in Sources */ = {isa = PBXBuildFile; fileRef = D49B5DF51E35B6E400E4546D /* CustomTabBar.swift */; };
		D49B5DF81E35B72400E4546D /* UIImage+Color.swift in Sources */ = {isa = PBXBuildFile; fileRef = D49B5DF71E35B72400E4546D /* UIImage+Color.swift */; };
		D49B5DFD1E35C14700E4546D /* CardStackController.swift in Sources */ = {isa = PBXBuildFile; fileRef = D49B5DFB1E35C14700E4546D /* CardStackController.swift */; };
		D49B5DFE1E35C14700E4546D /* Helpers.swift in Sources */ = {isa = PBXBuildFile; fileRef = D49B5DFC1E35C14700E4546D /* Helpers.swift */; };
		D49B5E021E35C2B500E4546D /* CardViewController.swift in Sources */ = {isa = PBXBuildFile; fileRef = D49B5E011E35C2B500E4546D /* CardViewController.swift */; };
		D4C6C7F51E351C870033800E /* ListViewController.swift in Sources */ = {isa = PBXBuildFile; fileRef = D4C6C7F41E351C870033800E /* ListViewController.swift */; };
		D4C6C7F71E351C920033800E /* MapViewController.swift in Sources */ = {isa = PBXBuildFile; fileRef = D4C6C7F61E351C910033800E /* MapViewController.swift */; };
/* End PBXBuildFile section */

/* Begin PBXContainerItemProxy section */
		D4293D2E1E344C81004D1F21 /* PBXContainerItemProxy */ = {
			isa = PBXContainerItemProxy;
			containerPortal = D4293D111E344C7F004D1F21 /* Project object */;
			proxyType = 1;
			remoteGlobalIDString = D4293D181E344C7F004D1F21;
			remoteInfo = TabBarControllerSample;
		};
		D4293D391E344C81004D1F21 /* PBXContainerItemProxy */ = {
			isa = PBXContainerItemProxy;
			containerPortal = D4293D111E344C7F004D1F21 /* Project object */;
			proxyType = 1;
			remoteGlobalIDString = D4293D181E344C7F004D1F21;
			remoteInfo = TabBarControllerSample;
		};
/* End PBXContainerItemProxy section */

/* Begin PBXFileReference section */
		D4293D191E344C80004D1F21 /* TabBarControllerSample.app */ = {isa = PBXFileReference; explicitFileType = wrapper.application; includeInIndex = 0; path = TabBarControllerSample.app; sourceTree = BUILT_PRODUCTS_DIR; };
		D4293D1C1E344C80004D1F21 /* AppDelegate.swift */ = {isa = PBXFileReference; lastKnownFileType = sourcecode.swift; path = AppDelegate.swift; sourceTree = "<group>"; };
		D4293D211E344C80004D1F21 /* Base */ = {isa = PBXFileReference; lastKnownFileType = file.storyboard; name = Base; path = Base.lproj/Main.storyboard; sourceTree = "<group>"; };
		D4293D231E344C80004D1F21 /* Assets.xcassets */ = {isa = PBXFileReference; lastKnownFileType = folder.assetcatalog; path = Assets.xcassets; sourceTree = "<group>"; };
		D4293D261E344C80004D1F21 /* Base */ = {isa = PBXFileReference; lastKnownFileType = file.storyboard; name = Base; path = Base.lproj/LaunchScreen.storyboard; sourceTree = "<group>"; };
		D4293D281E344C80004D1F21 /* Info.plist */ = {isa = PBXFileReference; lastKnownFileType = text.plist.xml; path = Info.plist; sourceTree = "<group>"; };
		D4293D2D1E344C81004D1F21 /* TabBarControllerSampleTests.xctest */ = {isa = PBXFileReference; explicitFileType = wrapper.cfbundle; includeInIndex = 0; path = TabBarControllerSampleTests.xctest; sourceTree = BUILT_PRODUCTS_DIR; };
		D4293D311E344C81004D1F21 /* TabBarControllerSampleTests.swift */ = {isa = PBXFileReference; lastKnownFileType = sourcecode.swift; path = TabBarControllerSampleTests.swift; sourceTree = "<group>"; };
		D4293D331E344C81004D1F21 /* Info.plist */ = {isa = PBXFileReference; lastKnownFileType = text.plist.xml; path = Info.plist; sourceTree = "<group>"; };
		D4293D381E344C81004D1F21 /* TabBarControllerSampleUITests.xctest */ = {isa = PBXFileReference; explicitFileType = wrapper.cfbundle; includeInIndex = 0; path = TabBarControllerSampleUITests.xctest; sourceTree = BUILT_PRODUCTS_DIR; };
		D4293D3C1E344C81004D1F21 /* TabBarControllerSampleUITests.swift */ = {isa = PBXFileReference; lastKnownFileType = sourcecode.swift; path = TabBarControllerSampleUITests.swift; sourceTree = "<group>"; };
		D4293D3E1E344C81004D1F21 /* Info.plist */ = {isa = PBXFileReference; lastKnownFileType = text.plist.xml; path = Info.plist; sourceTree = "<group>"; };
		D4293D4E1E34D26E004D1F21 /* CustomTabbarController.swift */ = {isa = PBXFileReference; fileEncoding = 4; lastKnownFileType = sourcecode.swift; path = CustomTabbarController.swift; sourceTree = "<group>"; };
		D4293D501E34D277004D1F21 /* CustomTabbarItem.swift */ = {isa = PBXFileReference; fileEncoding = 4; lastKnownFileType = sourcecode.swift; path = CustomTabbarItem.swift; sourceTree = "<group>"; };
		D49955601E34F1E200B9501A /* add_circle.png */ = {isa = PBXFileReference; lastKnownFileType = image.png; name = add_circle.png; path = resouce/add_circle.png; sourceTree = "<group>"; };
		D49955621E34F2AB00B9501A /* add_circle_selected.png */ = {isa = PBXFileReference; lastKnownFileType = image.png; name = add_circle_selected.png; path = resouce/add_circle_selected.png; sourceTree = "<group>"; };
		D49955641E34FDDE00B9501A /* list.png */ = {isa = PBXFileReference; lastKnownFileType = image.png; name = list.png; path = resouce/list.png; sourceTree = "<group>"; };
		D49955651E34FDDE00B9501A /* map.png */ = {isa = PBXFileReference; lastKnownFileType = image.png; name = map.png; path = resouce/map.png; sourceTree = "<group>"; };
		D49B5DF51E35B6E400E4546D /* CustomTabBar.swift */ = {isa = PBXFileReference; fileEncoding = 4; lastKnownFileType = sourcecode.swift; path = CustomTabBar.swift; sourceTree = "<group>"; };
		D49B5DF71E35B72400E4546D /* UIImage+Color.swift */ = {isa = PBXFileReference; fileEncoding = 4; lastKnownFileType = sourcecode.swift; path = "UIImage+Color.swift"; sourceTree = "<group>"; };
		D49B5DFB1E35C14700E4546D /* CardStackController.swift */ = {isa = PBXFileReference; fileEncoding = 4; lastKnownFileType = sourcecode.swift; name = CardStackController.swift; path = Library/CardStackController/CardStackController.swift; sourceTree = "<group>"; };
		D49B5DFC1E35C14700E4546D /* Helpers.swift */ = {isa = PBXFileReference; fileEncoding = 4; lastKnownFileType = sourcecode.swift; name = Helpers.swift; path = Library/CardStackController/Helpers.swift; sourceTree = "<group>"; };
		D49B5E011E35C2B500E4546D /* CardViewController.swift */ = {isa = PBXFileReference; fileEncoding = 4; lastKnownFileType = sourcecode.swift; path = CardViewController.swift; sourceTree = "<group>"; };
		D4C6C7F41E351C870033800E /* ListViewController.swift */ = {isa = PBXFileReference; fileEncoding = 4; lastKnownFileType = sourcecode.swift; path = ListViewController.swift; sourceTree = "<group>"; };
		D4C6C7F61E351C910033800E /* MapViewController.swift */ = {isa = PBXFileReference; fileEncoding = 4; lastKnownFileType = sourcecode.swift; path = MapViewController.swift; sourceTree = "<group>"; };
/* End PBXFileReference section */

/* Begin PBXFrameworksBuildPhase section */
		D4293D161E344C7F004D1F21 /* Frameworks */ = {
			isa = PBXFrameworksBuildPhase;
			buildActionMask = 2147483647;
			files = (
			);
			runOnlyForDeploymentPostprocessing = 0;
		};
		D4293D2A1E344C81004D1F21 /* Frameworks */ = {
			isa = PBXFrameworksBuildPhase;
			buildActionMask = 2147483647;
			files = (
			);
			runOnlyForDeploymentPostprocessing = 0;
		};
		D4293D351E344C81004D1F21 /* Frameworks */ = {
			isa = PBXFrameworksBuildPhase;
			buildActionMask = 2147483647;
			files = (
			);
			runOnlyForDeploymentPostprocessing = 0;
		};
/* End PBXFrameworksBuildPhase section */

/* Begin PBXGroup section */
		D4293D101E344C7F004D1F21 = {
			isa = PBXGroup;
			children = (
				D4293D1B1E344C80004D1F21 /* TabBarControllerSample */,
				D4293D301E344C81004D1F21 /* TabBarControllerSampleTests */,
				D4293D3B1E344C81004D1F21 /* TabBarControllerSampleUITests */,
				D4293D1A1E344C80004D1F21 /* Products */,
			);
			sourceTree = "<group>";
		};
		D4293D1A1E344C80004D1F21 /* Products */ = {
			isa = PBXGroup;
			children = (
				D4293D191E344C80004D1F21 /* TabBarControllerSample.app */,
				D4293D2D1E344C81004D1F21 /* TabBarControllerSampleTests.xctest */,
				D4293D381E344C81004D1F21 /* TabBarControllerSampleUITests.xctest */,
			);
			name = Products;
			sourceTree = "<group>";
		};
		D4293D1B1E344C80004D1F21 /* TabBarControllerSample */ = {
			isa = PBXGroup;
			children = (
				D49B5DF91E35C12900E4546D /* Library */,
				D49B5DF71E35B72400E4546D /* UIImage+Color.swift */,
				D4293D1C1E344C80004D1F21 /* AppDelegate.swift */,
				D49B5DFF1E35C26500E4546D /* TabBarController */,
				D49B5E001E35C27D00E4546D /* ViewController */,
				D4293D201E344C80004D1F21 /* Main.storyboard */,
				D4293D231E344C80004D1F21 /* Assets.xcassets */,
				D4293D251E344C80004D1F21 /* LaunchScreen.storyboard */,
				D4293D281E344C80004D1F21 /* Info.plist */,
				D49955641E34FDDE00B9501A /* list.png */,
				D49955651E34FDDE00B9501A /* map.png */,
				D49955601E34F1E200B9501A /* add_circle.png */,
				D49955621E34F2AB00B9501A /* add_circle_selected.png */,
			);
			path = TabBarControllerSample;
			sourceTree = "<group>";
		};
		D4293D301E344C81004D1F21 /* TabBarControllerSampleTests */ = {
			isa = PBXGroup;
			children = (
				D4293D311E344C81004D1F21 /* TabBarControllerSampleTests.swift */,
				D4293D331E344C81004D1F21 /* Info.plist */,
			);
			path = TabBarControllerSampleTests;
			sourceTree = "<group>";
		};
		D4293D3B1E344C81004D1F21 /* TabBarControllerSampleUITests */ = {
			isa = PBXGroup;
			children = (
				D4293D3C1E344C81004D1F21 /* TabBarControllerSampleUITests.swift */,
				D4293D3E1E344C81004D1F21 /* Info.plist */,
			);
			path = TabBarControllerSampleUITests;
			sourceTree = "<group>";
		};
		D49B5DF91E35C12900E4546D /* Library */ = {
			isa = PBXGroup;
			children = (
				D49B5DFA1E35C13200E4546D /* CardStackController */,
			);
			name = Library;
			sourceTree = "<group>";
		};
		D49B5DFA1E35C13200E4546D /* CardStackController */ = {
			isa = PBXGroup;
			children = (
				D49B5DFB1E35C14700E4546D /* CardStackController.swift */,
				D49B5DFC1E35C14700E4546D /* Helpers.swift */,
			);
			name = CardStackController;
			sourceTree = "<group>";
		};
		D49B5DFF1E35C26500E4546D /* TabBarController */ = {
			isa = PBXGroup;
			children = (
				D4293D4E1E34D26E004D1F21 /* CustomTabbarController.swift */,
				D49B5DF51E35B6E400E4546D /* CustomTabBar.swift */,
				D4293D501E34D277004D1F21 /* CustomTabbarItem.swift */,
			);
			name = TabBarController;
			sourceTree = "<group>";
		};
		D49B5E001E35C27D00E4546D /* ViewController */ = {
			isa = PBXGroup;
			children = (
				D4C6C7F41E351C870033800E /* ListViewController.swift */,
				D4C6C7F61E351C910033800E /* MapViewController.swift */,
				D49B5E011E35C2B500E4546D /* CardViewController.swift */,
			);
			name = ViewController;
			sourceTree = "<group>";
		};
/* End PBXGroup section */

/* Begin PBXNativeTarget section */
		D4293D181E344C7F004D1F21 /* TabBarControllerSample */ = {
			isa = PBXNativeTarget;
			buildConfigurationList = D4293D411E344C81004D1F21 /* Build configuration list for PBXNativeTarget "TabBarControllerSample" */;
			buildPhases = (
				D4293D151E344C7F004D1F21 /* Sources */,
				D4293D161E344C7F004D1F21 /* Frameworks */,
				D4293D171E344C7F004D1F21 /* Resources */,
			);
			buildRules = (
			);
			dependencies = (
			);
			name = TabBarControllerSample;
			productName = TabBarControllerSample;
			productReference = D4293D191E344C80004D1F21 /* TabBarControllerSample.app */;
			productType = "com.apple.product-type.application";
		};
		D4293D2C1E344C81004D1F21 /* TabBarControllerSampleTests */ = {
			isa = PBXNativeTarget;
			buildConfigurationList = D4293D441E344C81004D1F21 /* Build configuration list for PBXNativeTarget "TabBarControllerSampleTests" */;
			buildPhases = (
				D4293D291E344C81004D1F21 /* Sources */,
				D4293D2A1E344C81004D1F21 /* Frameworks */,
				D4293D2B1E344C81004D1F21 /* Resources */,
			);
			buildRules = (
			);
			dependencies = (
				D4293D2F1E344C81004D1F21 /* PBXTargetDependency */,
			);
			name = TabBarControllerSampleTests;
			productName = TabBarControllerSampleTests;
			productReference = D4293D2D1E344C81004D1F21 /* TabBarControllerSampleTests.xctest */;
			productType = "com.apple.product-type.bundle.unit-test";
		};
		D4293D371E344C81004D1F21 /* TabBarControllerSampleUITests */ = {
			isa = PBXNativeTarget;
			buildConfigurationList = D4293D471E344C81004D1F21 /* Build configuration list for PBXNativeTarget "TabBarControllerSampleUITests" */;
			buildPhases = (
				D4293D341E344C81004D1F21 /* Sources */,
				D4293D351E344C81004D1F21 /* Frameworks */,
				D4293D361E344C81004D1F21 /* Resources */,
			);
			buildRules = (
			);
			dependencies = (
				D4293D3A1E344C81004D1F21 /* PBXTargetDependency */,
			);
			name = TabBarControllerSampleUITests;
			productName = TabBarControllerSampleUITests;
			productReference = D4293D381E344C81004D1F21 /* TabBarControllerSampleUITests.xctest */;
			productType = "com.apple.product-type.bundle.ui-testing";
		};
/* End PBXNativeTarget section */

/* Begin PBXProject section */
		D4293D111E344C7F004D1F21 /* Project object */ = {
			isa = PBXProject;
			attributes = {
				LastSwiftUpdateCheck = 0820;
				LastUpgradeCheck = 0820;
				ORGANIZATIONNAME = "Jinsei Shima";
				TargetAttributes = {
					D4293D181E344C7F004D1F21 = {
						CreatedOnToolsVersion = 8.2.1;
						DevelopmentTeam = 64T4PJ8WCZ;
						ProvisioningStyle = Automatic;
					};
					D4293D2C1E344C81004D1F21 = {
						CreatedOnToolsVersion = 8.2.1;
						DevelopmentTeam = 64T4PJ8WCZ;
						ProvisioningStyle = Automatic;
						TestTargetID = D4293D181E344C7F004D1F21;
					};
					D4293D371E344C81004D1F21 = {
						CreatedOnToolsVersion = 8.2.1;
						DevelopmentTeam = 64T4PJ8WCZ;
						ProvisioningStyle = Automatic;
						TestTargetID = D4293D181E344C7F004D1F21;
					};
				};
			};
			buildConfigurationList = D4293D141E344C7F004D1F21 /* Build configuration list for PBXProject "TabBarControllerSample" */;
			compatibilityVersion = "Xcode 3.2";
			developmentRegion = English;
			hasScannedForEncodings = 0;
			knownRegions = (
				en,
				Base,
			);
			mainGroup = D4293D101E344C7F004D1F21;
			productRefGroup = D4293D1A1E344C80004D1F21 /* Products */;
			projectDirPath = "";
			projectRoot = "";
			targets = (
				D4293D181E344C7F004D1F21 /* TabBarControllerSample */,
				D4293D2C1E344C81004D1F21 /* TabBarControllerSampleTests */,
				D4293D371E344C81004D1F21 /* TabBarControllerSampleUITests */,
			);
		};
/* End PBXProject section */

/* Begin PBXResourcesBuildPhase section */
		D4293D171E344C7F004D1F21 /* Resources */ = {
			isa = PBXResourcesBuildPhase;
			buildActionMask = 2147483647;
			files = (
				D4293D271E344C80004D1F21 /* LaunchScreen.storyboard in Resources */,
				D4293D241E344C80004D1F21 /* Assets.xcassets in Resources */,
				D49955631E34F2AB00B9501A /* add_circle_selected.png in Resources */,
				D4293D221E344C80004D1F21 /* Main.storyboard in Resources */,
				D49955671E34FDDE00B9501A /* map.png in Resources */,
				D49955611E34F1E200B9501A /* add_circle.png in Resources */,
				D49955661E34FDDE00B9501A /* list.png in Resources */,
			);
			runOnlyForDeploymentPostprocessing = 0;
		};
		D4293D2B1E344C81004D1F21 /* Resources */ = {
			isa = PBXResourcesBuildPhase;
			buildActionMask = 2147483647;
			files = (
			);
			runOnlyForDeploymentPostprocessing = 0;
		};
		D4293D361E344C81004D1F21 /* Resources */ = {
			isa = PBXResourcesBuildPhase;
			buildActionMask = 2147483647;
			files = (
			);
			runOnlyForDeploymentPostprocessing = 0;
		};
/* End PBXResourcesBuildPhase section */

/* Begin PBXSourcesBuildPhase section */
		D4293D151E344C7F004D1F21 /* Sources */ = {
			isa = PBXSourcesBuildPhase;
			buildActionMask = 2147483647;
			files = (
				D49B5DFD1E35C14700E4546D /* CardStackController.swift in Sources */,
				D4293D4F1E34D26E004D1F21 /* CustomTabbarController.swift in Sources */,
				D4C6C7F71E351C920033800E /* MapViewController.swift in Sources */,
				D4293D511E34D277004D1F21 /* CustomTabbarItem.swift in Sources */,
				D49B5DFE1E35C14700E4546D /* Helpers.swift in Sources */,
				D4C6C7F51E351C870033800E /* ListViewController.swift in Sources */,
				D49B5DF61E35B6E400E4546D /* CustomTabBar.swift in Sources */,
				D49B5DF81E35B72400E4546D /* UIImage+Color.swift in Sources */,
				D49B5E021E35C2B500E4546D /* CardViewController.swift in Sources */,
				D4293D1D1E344C80004D1F21 /* AppDelegate.swift in Sources */,
			);
			runOnlyForDeploymentPostprocessing = 0;
		};
		D4293D291E344C81004D1F21 /* Sources */ = {
			isa = PBXSourcesBuildPhase;
			buildActionMask = 2147483647;
			files = (
				D4293D321E344C81004D1F21 /* TabBarControllerSampleTests.swift in Sources */,
			);
			runOnlyForDeploymentPostprocessing = 0;
		};
		D4293D341E344C81004D1F21 /* Sources */ = {
			isa = PBXSourcesBuildPhase;
			buildActionMask = 2147483647;
			files = (
				D4293D3D1E344C81004D1F21 /* TabBarControllerSampleUITests.swift in Sources */,
			);
			runOnlyForDeploymentPostprocessing = 0;
		};
/* End PBXSourcesBuildPhase section */

/* Begin PBXTargetDependency section */
		D4293D2F1E344C81004D1F21 /* PBXTargetDependency */ = {
			isa = PBXTargetDependency;
			target = D4293D181E344C7F004D1F21 /* TabBarControllerSample */;
			targetProxy = D4293D2E1E344C81004D1F21 /* PBXContainerItemProxy */;
		};
		D4293D3A1E344C81004D1F21 /* PBXTargetDependency */ = {
			isa = PBXTargetDependency;
			target = D4293D181E344C7F004D1F21 /* TabBarControllerSample */;
			targetProxy = D4293D391E344C81004D1F21 /* PBXContainerItemProxy */;
		};
/* End PBXTargetDependency section */

/* Begin PBXVariantGroup section */
		D4293D201E344C80004D1F21 /* Main.storyboard */ = {
			isa = PBXVariantGroup;
			children = (
				D4293D211E344C80004D1F21 /* Base */,
			);
			name = Main.storyboard;
			sourceTree = "<group>";
		};
		D4293D251E344C80004D1F21 /* LaunchScreen.storyboard */ = {
			isa = PBXVariantGroup;
			children = (
				D4293D261E344C80004D1F21 /* Base */,
			);
			name = LaunchScreen.storyboard;
			sourceTree = "<group>";
		};
/* End PBXVariantGroup section */

/* Begin XCBuildConfiguration section */
		D4293D3F1E344C81004D1F21 /* Debug */ = {
			isa = XCBuildConfiguration;
			buildSettings = {
				ALWAYS_SEARCH_USER_PATHS = NO;
				CLANG_ANALYZER_NONNULL = YES;
				CLANG_CXX_LANGUAGE_STANDARD = "gnu++0x";
				CLANG_CXX_LIBRARY = "libc++";
				CLANG_ENABLE_MODULES = YES;
				CLANG_ENABLE_OBJC_ARC = YES;
				CLANG_WARN_BOOL_CONVERSION = YES;
				CLANG_WARN_CONSTANT_CONVERSION = YES;
				CLANG_WARN_DIRECT_OBJC_ISA_USAGE = YES_ERROR;
				CLANG_WARN_DOCUMENTATION_COMMENTS = YES;
				CLANG_WARN_EMPTY_BODY = YES;
				CLANG_WARN_ENUM_CONVERSION = YES;
				CLANG_WARN_INFINITE_RECURSION = YES;
				CLANG_WARN_INT_CONVERSION = YES;
				CLANG_WARN_OBJC_ROOT_CLASS = YES_ERROR;
				CLANG_WARN_SUSPICIOUS_MOVE = YES;
				CLANG_WARN_UNREACHABLE_CODE = YES;
				CLANG_WARN__DUPLICATE_METHOD_MATCH = YES;
				"CODE_SIGN_IDENTITY[sdk=iphoneos*]" = "iPhone Developer";
				COPY_PHASE_STRIP = NO;
				DEBUG_INFORMATION_FORMAT = dwarf;
				ENABLE_STRICT_OBJC_MSGSEND = YES;
				ENABLE_TESTABILITY = YES;
				GCC_C_LANGUAGE_STANDARD = gnu99;
				GCC_DYNAMIC_NO_PIC = NO;
				GCC_NO_COMMON_BLOCKS = YES;
				GCC_OPTIMIZATION_LEVEL = 0;
				GCC_PREPROCESSOR_DEFINITIONS = (
					"DEBUG=1",
					"$(inherited)",
				);
				GCC_WARN_64_TO_32_BIT_CONVERSION = YES;
				GCC_WARN_ABOUT_RETURN_TYPE = YES_ERROR;
				GCC_WARN_UNDECLARED_SELECTOR = YES;
				GCC_WARN_UNINITIALIZED_AUTOS = YES_AGGRESSIVE;
				GCC_WARN_UNUSED_FUNCTION = YES;
				GCC_WARN_UNUSED_VARIABLE = YES;
				IPHONEOS_DEPLOYMENT_TARGET = 10.2;
				MTL_ENABLE_DEBUG_INFO = YES;
				ONLY_ACTIVE_ARCH = YES;
				SDKROOT = iphoneos;
				SWIFT_ACTIVE_COMPILATION_CONDITIONS = DEBUG;
				SWIFT_OPTIMIZATION_LEVEL = "-Onone";
			};
			name = Debug;
		};
		D4293D401E344C81004D1F21 /* Release */ = {
			isa = XCBuildConfiguration;
			buildSettings = {
				ALWAYS_SEARCH_USER_PATHS = NO;
				CLANG_ANALYZER_NONNULL = YES;
				CLANG_CXX_LANGUAGE_STANDARD = "gnu++0x";
				CLANG_CXX_LIBRARY = "libc++";
				CLANG_ENABLE_MODULES = YES;
				CLANG_ENABLE_OBJC_ARC = YES;
				CLANG_WARN_BOOL_CONVERSION = YES;
				CLANG_WARN_CONSTANT_CONVERSION = YES;
				CLANG_WARN_DIRECT_OBJC_ISA_USAGE = YES_ERROR;
				CLANG_WARN_DOCUMENTATION_COMMENTS = YES;
				CLANG_WARN_EMPTY_BODY = YES;
				CLANG_WARN_ENUM_CONVERSION = YES;
				CLANG_WARN_INFINITE_RECURSION = YES;
				CLANG_WARN_INT_CONVERSION = YES;
				CLANG_WARN_OBJC_ROOT_CLASS = YES_ERROR;
				CLANG_WARN_SUSPICIOUS_MOVE = YES;
				CLANG_WARN_UNREACHABLE_CODE = YES;
				CLANG_WARN__DUPLICATE_METHOD_MATCH = YES;
				"CODE_SIGN_IDENTITY[sdk=iphoneos*]" = "iPhone Developer";
				COPY_PHASE_STRIP = NO;
				DEBUG_INFORMATION_FORMAT = "dwarf-with-dsym";
				ENABLE_NS_ASSERTIONS = NO;
				ENABLE_STRICT_OBJC_MSGSEND = YES;
				GCC_C_LANGUAGE_STANDARD = gnu99;
				GCC_NO_COMMON_BLOCKS = YES;
				GCC_WARN_64_TO_32_BIT_CONVERSION = YES;
				GCC_WARN_ABOUT_RETURN_TYPE = YES_ERROR;
				GCC_WARN_UNDECLARED_SELECTOR = YES;
				GCC_WARN_UNINITIALIZED_AUTOS = YES_AGGRESSIVE;
				GCC_WARN_UNUSED_FUNCTION = YES;
				GCC_WARN_UNUSED_VARIABLE = YES;
				IPHONEOS_DEPLOYMENT_TARGET = 10.2;
				MTL_ENABLE_DEBUG_INFO = NO;
				SDKROOT = iphoneos;
				SWIFT_OPTIMIZATION_LEVEL = "-Owholemodule";
				VALIDATE_PRODUCT = YES;
			};
			name = Release;
		};
		D4293D421E344C81004D1F21 /* Debug */ = {
			isa = XCBuildConfiguration;
			buildSettings = {
				ASSETCATALOG_COMPILER_APPICON_NAME = AppIcon;
				DEVELOPMENT_TEAM = 64T4PJ8WCZ;
				INFOPLIST_FILE = TabBarControllerSample/Info.plist;
				IPHONEOS_DEPLOYMENT_TARGET = 9.0;
				LD_RUNPATH_SEARCH_PATHS = "$(inherited) @executable_path/Frameworks";
				PRODUCT_BUNDLE_IDENTIFIER = com.shimaApps.TabBarControllerSample;
				PRODUCT_NAME = "$(TARGET_NAME)";
				SWIFT_VERSION = 3.0;
			};
			name = Debug;
		};
		D4293D431E344C81004D1F21 /* Release */ = {
			isa = XCBuildConfiguration;
			buildSettings = {
				ASSETCATALOG_COMPILER_APPICON_NAME = AppIcon;
				DEVELOPMENT_TEAM = 64T4PJ8WCZ;
				INFOPLIST_FILE = TabBarControllerSample/Info.plist;
				IPHONEOS_DEPLOYMENT_TARGET = 9.0;
				LD_RUNPATH_SEARCH_PATHS = "$(inherited) @executable_path/Frameworks";
				PRODUCT_BUNDLE_IDENTIFIER = com.shimaApps.TabBarControllerSample;
				PRODUCT_NAME = "$(TARGET_NAME)";
				SWIFT_VERSION = 3.0;
			};
			name = Release;
		};
		D4293D451E344C81004D1F21 /* Debug */ = {
			isa = XCBuildConfiguration;
			buildSettings = {
				ALWAYS_EMBED_SWIFT_STANDARD_LIBRARIES = YES;
				BUNDLE_LOADER = "$(TEST_HOST)";
				DEVELOPMENT_TEAM = 64T4PJ8WCZ;
				INFOPLIST_FILE = TabBarControllerSampleTests/Info.plist;
				LD_RUNPATH_SEARCH_PATHS = "$(inherited) @executable_path/Frameworks @loader_path/Frameworks";
				PRODUCT_BUNDLE_IDENTIFIER = com.shimaApps.TabBarControllerSampleTests;
				PRODUCT_NAME = "$(TARGET_NAME)";
				SWIFT_VERSION = 3.0;
				TEST_HOST = "$(BUILT_PRODUCTS_DIR)/TabBarControllerSample.app/TabBarControllerSample";
			};
			name = Debug;
		};
		D4293D461E344C81004D1F21 /* Release */ = {
			isa = XCBuildConfiguration;
			buildSettings = {
				ALWAYS_EMBED_SWIFT_STANDARD_LIBRARIES = YES;
				BUNDLE_LOADER = "$(TEST_HOST)";
				DEVELOPMENT_TEAM = 64T4PJ8WCZ;
				INFOPLIST_FILE = TabBarControllerSampleTests/Info.plist;
				LD_RUNPATH_SEARCH_PATHS = "$(inherited) @executable_path/Frameworks @loader_path/Frameworks";
				PRODUCT_BUNDLE_IDENTIFIER = com.shimaApps.TabBarControllerSampleTests;
				PRODUCT_NAME = "$(TARGET_NAME)";
				SWIFT_VERSION = 3.0;
				TEST_HOST = "$(BUILT_PRODUCTS_DIR)/TabBarControllerSample.app/TabBarControllerSample";
			};
			name = Release;
		};
		D4293D481E344C81004D1F21 /* Debug */ = {
			isa = XCBuildConfiguration;
			buildSettings = {
				ALWAYS_EMBED_SWIFT_STANDARD_LIBRARIES = YES;
				DEVELOPMENT_TEAM = 64T4PJ8WCZ;
				INFOPLIST_FILE = TabBarControllerSampleUITests/Info.plist;
				LD_RUNPATH_SEARCH_PATHS = "$(inherited) @executable_path/Frameworks @loader_path/Frameworks";
				PRODUCT_BUNDLE_IDENTIFIER = com.shimaApps.TabBarControllerSampleUITests;
				PRODUCT_NAME = "$(TARGET_NAME)";
				SWIFT_VERSION = 3.0;
				TEST_TARGET_NAME = TabBarControllerSample;
			};
			name = Debug;
		};
		D4293D491E344C81004D1F21 /* Release */ = {
			isa = XCBuildConfiguration;
			buildSettings = {
				ALWAYS_EMBED_SWIFT_STANDARD_LIBRARIES = YES;
				DEVELOPMENT_TEAM = 64T4PJ8WCZ;
				INFOPLIST_FILE = TabBarControllerSampleUITests/Info.plist;
				LD_RUNPATH_SEARCH_PATHS = "$(inherited) @executable_path/Frameworks @loader_path/Frameworks";
				PRODUCT_BUNDLE_IDENTIFIER = com.shimaApps.TabBarControllerSampleUITests;
				PRODUCT_NAME = "$(TARGET_NAME)";
				SWIFT_VERSION = 3.0;
				TEST_TARGET_NAME = TabBarControllerSample;
			};
			name = Release;
		};
/* End XCBuildConfiguration section */

/* Begin XCConfigurationList section */
		D4293D141E344C7F004D1F21 /* Build configuration list for PBXProject "TabBarControllerSample" */ = {
			isa = XCConfigurationList;
			buildConfigurations = (
				D4293D3F1E344C81004D1F21 /* Debug */,
				D4293D401E344C81004D1F21 /* Release */,
			);
			defaultConfigurationIsVisible = 0;
			defaultConfigurationName = Release;
		};
		D4293D411E344C81004D1F21 /* Build configuration list for PBXNativeTarget "TabBarControllerSample" */ = {
			isa = XCConfigurationList;
			buildConfigurations = (
				D4293D421E344C81004D1F21 /* Debug */,
				D4293D431E344C81004D1F21 /* Release */,
			);
			defaultConfigurationIsVisible = 0;
			defaultConfigurationName = Release;
		};
		D4293D441E344C81004D1F21 /* Build configuration list for PBXNativeTarget "TabBarControllerSampleTests" */ = {
			isa = XCConfigurationList;
			buildConfigurations = (
				D4293D451E344C81004D1F21 /* Debug */,
				D4293D461E344C81004D1F21 /* Release */,
			);
			defaultConfigurationIsVisible = 0;
			defaultConfigurationName = Release;
		};
		D4293D471E344C81004D1F21 /* Build configuration list for PBXNativeTarget "TabBarControllerSampleUITests" */ = {
			isa = XCConfigurationList;
			buildConfigurations = (
				D4293D481E344C81004D1F21 /* Debug */,
				D4293D491E344C81004D1F21 /* Release */,
			);
			defaultConfigurationIsVisible = 0;
			defaultConfigurationName = Release;
		};
/* End XCConfigurationList section */
	};
	rootObject = D4293D111E344C7F004D1F21 /* Project object */;
}
